
Microsoft Visual Studio Solution File, Format Version 12.00
# Visual Studio Version 17
VisualStudioVersion = 17.5.33530.505
MinimumVisualStudioVersion = 10.0.40219.1
Project("{FAE04EC0-301F-11D3-BF4B-00C04F79EFBC}") = "MunicipalServicesApp", "MunicipalServicesApp.csproj", "{2E9C7968-A2D8-4F43-A897-F7A46EAD4006}"
EndProject
Global
	GlobalSection(SolutionConfigurationPlatforms) = preSolution
		Debug|Any CPU = Debug|Any CPU
		Release|Any CPU = Release|Any CPU
	EndGlobalSection
	GlobalSection(ProjectConfigurationPlatforms) = postSolution
		{2E9C7968-A2D8-4F43-A897-F7A46EAD4006}.Debug|Any CPU.ActiveCfg = Debug|Any CPU
		{2E9C7968-A2D8-4F43-A897-F7A46EAD4006}.Debug|Any CPU.Build.0 = Debug|Any CPU
		{2E9C7968-A2D8-4F43-A897-F7A46EAD4006}.Release|Any CPU.ActiveCfg = Release|Any CPU
		{2E9C7968-A2D8-4F43-A897-F7A46EAD4006}.Release|Any CPU.Build.0 = Release|Any CPU
	EndGlobalSection
	GlobalSection(SolutionProperties) = preSolution
		HideSolutionNode = FALSE
	EndGlobalSection
	GlobalSection(ExtensibilityGlobals) = postSolution
		SolutionGuid = {BE93ED7B-DE4A-4A0B-9B54-7B622F79EAAD}
	EndGlobalSection
EndGlobal
